
Microsoft Visual Studio Solution File, Format Version 12.00
# Visual Studio Version 17
VisualStudioVersion = 17.5.33424.131
MinimumVisualStudioVersion = 10.0.40219.1
Project("{FAE04EC0-301F-11D3-BF4B-00C04F79EFBC}") = "PlanetsAnonTypeApp3", "PlanetsAnonTypeApp3\PlanetsAnonTypeApp3.csproj", "{FCCF11DD-63AE-4636-999A-29AE99DD3D71}"
EndProject
Global
	GlobalSection(SolutionConfigurationPlatforms) = preSolution
		Debug|Any CPU = Debug|Any CPU
		Release|Any CPU = Release|Any CPU
	EndGlobalSection
	GlobalSection(ProjectConfigurationPlatforms) = postSolution
		{FCCF11DD-63AE-4636-999A-29AE99DD3D71}.Debug|Any CPU.ActiveCfg = Debug|Any CPU
		{FCCF11DD-63AE-4636-999A-29AE99DD3D71}.Debug|Any CPU.Build.0 = Debug|Any CPU
		{FCCF11DD-63AE-4636-999A-29AE99DD3D71}.Release|Any CPU.ActiveCfg = Release|Any CPU
		{FCCF11DD-63AE-4636-999A-29AE99DD3D71}.Release|Any CPU.Build.0 = Release|Any CPU
	EndGlobalSection
	GlobalSection(SolutionProperties) = preSolution
		HideSolutionNode = FALSE
	EndGlobalSection
	GlobalSection(ExtensibilityGlobals) = postSolution
		SolutionGuid = {30410866-2C5F-4602-82E5-EE107BB8919A}
	EndGlobalSection
EndGlobal
